
Microsoft Visual Studio Solution File, Format Version 12.00
# Visual Studio Version 17
VisualStudioVersion = 17.4.33205.214
MinimumVisualStudioVersion = 10.0.40219.1
Project("{FAE04EC0-301F-11D3-BF4B-00C04F79EFBC}") = "WebAPI", "WebAPI\WebAPI.csproj", "{D0454FC8-CDBE-4838-9B20-7386C2051291}"
EndProject
Global
	GlobalSection(SolutionConfigurationPlatforms) = preSolution
		Debug|Any CPU = Debug|Any CPU
		Release|Any CPU = Release|Any CPU
	EndGlobalSection
	GlobalSection(ProjectConfigurationPlatforms) = postSolution
		{D0454FC8-CDBE-4838-9B20-7386C2051291}.Debug|Any CPU.ActiveCfg = Debug|Any CPU
		{D0454FC8-CDBE-4838-9B20-7386C2051291}.Debug|Any CPU.Build.0 = Debug|Any CPU
		{D0454FC8-CDBE-4838-9B20-7386C2051291}.Release|Any CPU.ActiveCfg = Release|Any CPU
		{D0454FC8-CDBE-4838-9B20-7386C2051291}.Release|Any CPU.Build.0 = Release|Any CPU
	EndGlobalSection
	GlobalSection(SolutionProperties) = preSolution
		HideSolutionNode = FALSE
	EndGlobalSection
	GlobalSection(ExtensibilityGlobals) = postSolution
		SolutionGuid = {77EB30F0-802A-4B26-9873-97150FC39D23}
	EndGlobalSection
EndGlobal
